{
  "version": 4,
  "terraform_version": "1.12.2",
  "serial": 41,
  "lineage": "ba1c9547-6a0f-6ee6-0e6b-70bd7601c718",
  "outputs": {},
  "resources": [
    {
      "mode": "data",
      "type": "template_file",
      "name": "cloud_init_user_data",
      "provider": "provider[\"registry.terraform.io/hashicorp/template\"]",
      "instances": [
        {
          "schema_version": 0,
          "attributes": {
            "filename": null,
            "id": "25a7faab09f17de653d2d7ae55a304d045e70f67419e43757145932812757e18",
            "rendered": "#cloud-config\nuser: admin\npassword: changeme\nchpasswd: { expire: False }\nssh_authorized_keys:\n  - ssh-rsa AAAAB3NzaC1yc2EAAAADAQABAAACAQC64DlmpIpXbSrBElHBjWe/XTw7B6cbLIW4WZ0F9P7sDm/pPL9x9k0Gsk8ufTYHKejqYkG6tbF0aHH9ZQkashpdeRk2PYu+xLRdUFTSlrZqjLyDsceFbBzCNTFjptetjwXD6juO8rG+mmllkLJl7m9HeLAFHLz3DIW7Uy8DSmbFDFFPquJ+nBqgC/3JCUTDbUoWiDdInV/L6LlLWssFuURKDlphD5VnkEwA0SEnivzl2PAND+jV3u6LsiNL/gOL1bRZxj3ZjNuW5AhWcp6vCcMpFxfycBtxOz1VZ2MAIHOOMgZwWRya75yji6JrNpyygOgO9IBfAf47UBQ6M0kdkbY63dt9XBTh+ZFp4VKG+4CZYo1N5+iGq0yeO+RQFxwkJVw8ZZM//PUNLiQhhPegk5X1xaO3txe9YyxZU3JwiTRy+na4yJgzMsocX5UJKfWxrfDC+JfznBS71qD2sXBBg+P3J13VDVYMB3gx4WLzLu3V7poA7A1bjCihlg463LC05tFrvPcMkWVgkv1FMhM70K5aSueBk0dF6a+aKFE309CPASjn+1fIYayecuLTI4aneky0BQ+e9TXI/QjR0i8CROK7TxcesNB39pCBJqhH38OYn5ejS1uw5VVqrd0FMtPm+7c7vuZ46a0jkiiJy9ocyN+Ni13AKfxsjry5z2XgSi4K3Q== root@DEP-0002\npackages:\n  - qemu-guest-agent\nruncmd:\n  - [ systemctl, enable, qemu-guest-agent ]\n  - [ systemctl, start, qemu-guest-agent ]",
            "template": "#cloud-config\nuser: ${user}\npassword: ${password}\nchpasswd: { expire: False }\nssh_authorized_keys:\n  - ${ssh_public_key}\npackages:\n  - qemu-guest-agent\nruncmd:\n  - [ systemctl, enable, qemu-guest-agent ]\n  - [ systemctl, start, qemu-guest-agent ]",
            "vars": {
              "password": "changeme",
              "ssh_public_key": "ssh-rsa AAAAB3NzaC1yc2EAAAADAQABAAACAQC64DlmpIpXbSrBElHBjWe/XTw7B6cbLIW4WZ0F9P7sDm/pPL9x9k0Gsk8ufTYHKejqYkG6tbF0aHH9ZQkashpdeRk2PYu+xLRdUFTSlrZqjLyDsceFbBzCNTFjptetjwXD6juO8rG+mmllkLJl7m9HeLAFHLz3DIW7Uy8DSmbFDFFPquJ+nBqgC/3JCUTDbUoWiDdInV/L6LlLWssFuURKDlphD5VnkEwA0SEnivzl2PAND+jV3u6LsiNL/gOL1bRZxj3ZjNuW5AhWcp6vCcMpFxfycBtxOz1VZ2MAIHOOMgZwWRya75yji6JrNpyygOgO9IBfAf47UBQ6M0kdkbY63dt9XBTh+ZFp4VKG+4CZYo1N5+iGq0yeO+RQFxwkJVw8ZZM//PUNLiQhhPegk5X1xaO3txe9YyxZU3JwiTRy+na4yJgzMsocX5UJKfWxrfDC+JfznBS71qD2sXBBg+P3J13VDVYMB3gx4WLzLu3V7poA7A1bjCihlg463LC05tFrvPcMkWVgkv1FMhM70K5aSueBk0dF6a+aKFE309CPASjn+1fIYayecuLTI4aneky0BQ+e9TXI/QjR0i8CROK7TxcesNB39pCBJqhH38OYn5ejS1uw5VVqrd0FMtPm+7c7vuZ46a0jkiiJy9ocyN+Ni13AKfxsjry5z2XgSi4K3Q== root@DEP-0002",
              "user": "admin"
            }
          },
          "sensitive_attributes": [
            [
              {
                "type": "get_attr",
                "value": "vars"
              },
              {
                "type": "index",
                "value": {
                  "value": "password",
                  "type": "string"
                }
              }
            ]
          ],
          "identity_schema_version": 0
        }
      ]
    },
    {
      "mode": "managed",
      "type": "proxmox_cloud_init_disk",
      "name": "cloud_init",
      "provider": "provider[\"registry.terraform.io/telmate/proxmox\"]",
      "instances": [
        {
          "schema_version": 0,
          "attributes": {
            "id": "local:iso/tf-ci-k3s-master-cloud-init.iso.iso",
            "meta_data": null,
            "name": "k3s-master-cloud-init.iso",
            "network_config": null,
            "pve_node": "pve",
            "sha256": "af134250f0e16c8f39db860caf4c1569da1a7e38ee59fb290f5fb242b01c12a7",
            "size": "40K",
            "storage": "local",
            "user_data": "#cloud-config\nuser: admin\npassword: changeme\nchpasswd: { expire: False }\nssh_authorized_keys:\n  - ssh-rsa AAAAB3NzaC1yc2EAAAADAQABAAACAQC64DlmpIpXbSrBElHBjWe/XTw7B6cbLIW4WZ0F9P7sDm/pPL9x9k0Gsk8ufTYHKejqYkG6tbF0aHH9ZQkashpdeRk2PYu+xLRdUFTSlrZqjLyDsceFbBzCNTFjptetjwXD6juO8rG+mmllkLJl7m9HeLAFHLz3DIW7Uy8DSmbFDFFPquJ+nBqgC/3JCUTDbUoWiDdInV/L6LlLWssFuURKDlphD5VnkEwA0SEnivzl2PAND+jV3u6LsiNL/gOL1bRZxj3ZjNuW5AhWcp6vCcMpFxfycBtxOz1VZ2MAIHOOMgZwWRya75yji6JrNpyygOgO9IBfAf47UBQ6M0kdkbY63dt9XBTh+ZFp4VKG+4CZYo1N5+iGq0yeO+RQFxwkJVw8ZZM//PUNLiQhhPegk5X1xaO3txe9YyxZU3JwiTRy+na4yJgzMsocX5UJKfWxrfDC+JfznBS71qD2sXBBg+P3J13VDVYMB3gx4WLzLu3V7poA7A1bjCihlg463LC05tFrvPcMkWVgkv1FMhM70K5aSueBk0dF6a+aKFE309CPASjn+1fIYayecuLTI4aneky0BQ+e9TXI/QjR0i8CROK7TxcesNB39pCBJqhH38OYn5ejS1uw5VVqrd0FMtPm+7c7vuZ46a0jkiiJy9ocyN+Ni13AKfxsjry5z2XgSi4K3Q== root@DEP-0002\npackages:\n  - qemu-guest-agent\nruncmd:\n  - [ systemctl, enable, qemu-guest-agent ]\n  - [ systemctl, start, qemu-guest-agent ]",
            "vendor_data": null
          },
          "sensitive_attributes": [],
          "identity_schema_version": 0,
          "private": "bnVsbA==",
          "dependencies": [
            "data.template_file.cloud_init_user_data"
          ]
        }
      ]
    },
    {
      "mode": "managed",
      "type": "proxmox_vm_qemu",
      "name": "k3s_master",
      "provider": "provider[\"registry.terraform.io/telmate/proxmox\"]",
      "instances": [
        {
          "schema_version": 0,
          "attributes": {
            "additional_wait": 5,
            "agent": 1,
            "agent_timeout": 90,
            "args": "",
            "automatic_reboot": true,
            "balloon": 0,
            "bios": "seabios",
            "boot": "order=scsi0",
            "bootdisk": "",
            "ci_wait": null,
            "cicustom": null,
            "cipassword": "",
            "ciupgrade": false,
            "ciuser": "",
            "clone": "debian12-cloudinit",
            "clone_id": null,
            "clone_wait": 10,
            "cores": 0,
            "cpu": [
              {
                "affinity": "",
                "cores": 2,
                "flags": [],
                "limit": 0,
                "numa": false,
                "sockets": 1,
                "type": "host",
                "units": 0,
                "vcores": 0
              }
            ],
            "cpu_type": "",
            "current_node": "pve",
            "default_ipv4_address": "",
            "default_ipv6_address": "",
            "define_connection_info": true,
            "desc": null,
            "description": "Managed by Terraform.",
            "disk": [],
            "disks": [
              {
                "ide": [
                  {
                    "ide0": [],
                    "ide1": [],
                    "ide2": [
                      {
                        "cdrom": [
                          {
                            "iso": "local:iso/tf-ci-k3s-master-cloud-init.iso.iso",
                            "passthrough": false
                          }
                        ],
                        "cloudinit": [],
                        "disk": [],
                        "ignore": false,
                        "passthrough": []
                      }
                    ],
                    "ide3": []
                  }
                ],
                "sata": [],
                "scsi": [
                  {
                    "scsi0": [
                      {
                        "cdrom": [],
                        "cloudinit": [],
                        "disk": [
                          {
                            "asyncio": "",
                            "backup": true,
                            "cache": "",
                            "discard": false,
                            "emulatessd": false,
                            "format": "raw",
                            "id": 0,
                            "iops_r_burst": 0,
                            "iops_r_burst_length": 0,
                            "iops_r_concurrent": 0,
                            "iops_wr_burst": 0,
                            "iops_wr_burst_length": 0,
                            "iops_wr_concurrent": 0,
                            "iothread": false,
                            "linked_disk_id": -1,
                            "mbps_r_burst": 0,
                            "mbps_r_concurrent": 0,
                            "mbps_wr_burst": 0,
                            "mbps_wr_concurrent": 0,
                            "readonly": false,
                            "replicate": false,
                            "serial": "",
                            "size": "32G",
                            "storage": "local-lvm",
                            "wwn": ""
                          }
                        ],
                        "ignore": false,
                        "passthrough": []
                      }
                    ],
                    "scsi1": [],
                    "scsi10": [],
                    "scsi11": [],
                    "scsi12": [],
                    "scsi13": [],
                    "scsi14": [],
                    "scsi15": [],
                    "scsi16": [],
                    "scsi17": [],
                    "scsi18": [],
                    "scsi19": [],
                    "scsi2": [],
                    "scsi20": [],
                    "scsi21": [],
                    "scsi22": [],
                    "scsi23": [],
                    "scsi24": [],
                    "scsi25": [],
                    "scsi26": [],
                    "scsi27": [],
                    "scsi28": [],
                    "scsi29": [],
                    "scsi3": [],
                    "scsi30": [],
                    "scsi4": [],
                    "scsi5": [],
                    "scsi6": [],
                    "scsi7": [],
                    "scsi8": [],
                    "scsi9": []
                  }
                ],
                "virtio": []
              }
            ],
            "efidisk": [],
            "force_create": false,
            "force_recreate_on_change_of": null,
            "full_clone": true,
            "hagroup": "",
            "hastate": "",
            "hostpci": [],
            "hotplug": "network,disk,usb",
            "id": "pve/qemu/100",
            "ipconfig0": null,
            "ipconfig1": null,
            "ipconfig10": null,
            "ipconfig11": null,
            "ipconfig12": null,
            "ipconfig13": null,
            "ipconfig14": null,
            "ipconfig15": null,
            "ipconfig2": null,
            "ipconfig3": null,
            "ipconfig4": null,
            "ipconfig5": null,
            "ipconfig6": null,
            "ipconfig7": null,
            "ipconfig8": null,
            "ipconfig9": null,
            "kvm": true,
            "linked_vmid": 0,
            "machine": "",
            "memory": 4096,
            "name": "k3s-master",
            "nameserver": null,
            "network": [
              {
                "bridge": "vmbr0",
                "firewall": false,
                "id": 0,
                "link_down": false,
                "macaddr": "bc:24:11:b3:cc:e7",
                "model": "virtio",
                "mtu": 0,
                "queues": 0,
                "rate": 0,
                "tag": 0
              }
            ],
            "numa": false,
            "onboot": true,
            "os_network_config": null,
            "os_type": null,
            "pci": [],
            "pcis": [],
            "pool": "",
            "protection": false,
            "pxe": null,
            "qemu_os": "other",
            "reboot_required": false,
            "rng": [],
            "scsihw": "virtio-scsi-pci",
            "searchdomain": null,
            "serial": [],
            "skip_ipv4": false,
            "skip_ipv6": false,
            "smbios": [
              {
                "family": "",
                "manufacturer": "",
                "product": "",
                "serial": "",
                "sku": "",
                "uuid": "9f778155-b89a-41dc-b908-8dbc547a23e3",
                "version": ""
              }
            ],
            "sockets": 0,
            "ssh_forward_ip": null,
            "ssh_host": "",
            "ssh_port": "22",
            "ssh_private_key": null,
            "ssh_user": null,
            "sshkeys": null,
            "startup": "",
            "tablet": true,
            "tags": " ",
            "target_node": "pve",
            "target_nodes": null,
            "timeouts": null,
            "tpm_state": [],
            "unused_disk": [],
            "usb": [],
            "usbs": [],
            "vcpus": 0,
            "vga": [],
            "vm_state": "running",
            "vmid": 100
          },
          "sensitive_attributes": [
            [
              {
                "type": "get_attr",
                "value": "cipassword"
              }
            ],
            [
              {
                "type": "get_attr",
                "value": "ssh_private_key"
              }
            ]
          ],
          "identity_schema_version": 0,
          "private": "eyJlMmJmYjczMC1lY2FhLTExZTYtOGY4OC0zNDM2M2JjN2M0YzAiOnsiY3JlYXRlIjoxMjAwMDAwMDAwMDAwLCJkZWZhdWx0IjoxMjAwMDAwMDAwMDAwLCJkZWxldGUiOjEyMDAwMDAwMDAwMDAsInJlYWQiOjEyMDAwMDAwMDAwMDAsInVwZGF0ZSI6MTIwMDAwMDAwMDAwMH19",
          "dependencies": [
            "data.template_file.cloud_init_user_data",
            "proxmox_cloud_init_disk.cloud_init"
          ]
        }
      ]
    }
  ],
  "check_results": null
}
